
Microsoft Visual Studio Solution File, Format Version 11.00
# Visual Studio 2010
Project("{FAE04EC0-301F-11D3-BF4B-00C04F79EFBC}") = "EntityFrameworkBase", "EntityFrameworkBase.csproj", "{168DF65F-8936-4F1B-BBCD-4A8C138B4F0A}"
EndProject
Project("{2150E333-8FDC-42A3-9474-1A3956D46DE8}") = "Solution Items", "Solution Items", "{B0439CC9-E55E-426D-806D-87041160B54D}"
	ProjectSection(SolutionItems) = preProject
		EntityFrameworkExample.vsmdi = EntityFrameworkExample.vsmdi
		Local.testsettings = Local.testsettings
		TraceAndTestImpact.testsettings = TraceAndTestImpact.testsettings
	EndProjectSection
EndProject
Project("{FAE04EC0-301F-11D3-BF4B-00C04F79EFBC}") = "UnitTests", "UnitTests\UnitTests.csproj", "{112CDF2C-B7FB-4413-B7E2-40152372ADA6}"
EndProject
Global
	GlobalSection(TestCaseManagementSettings) = postSolution
		CategoryFile = EntityFrameworkExample.vsmdi
	EndGlobalSection
	GlobalSection(SolutionConfigurationPlatforms) = preSolution
		Debug|Any CPU = Debug|Any CPU
		Release|Any CPU = Release|Any CPU
	EndGlobalSection
	GlobalSection(ProjectConfigurationPlatforms) = postSolution
		{168DF65F-8936-4F1B-BBCD-4A8C138B4F0A}.Debug|Any CPU.ActiveCfg = Debug|Any CPU
		{168DF65F-8936-4F1B-BBCD-4A8C138B4F0A}.Debug|Any CPU.Build.0 = Debug|Any CPU
		{168DF65F-8936-4F1B-BBCD-4A8C138B4F0A}.Release|Any CPU.ActiveCfg = Release|Any CPU
		{168DF65F-8936-4F1B-BBCD-4A8C138B4F0A}.Release|Any CPU.Build.0 = Release|Any CPU
		{112CDF2C-B7FB-4413-B7E2-40152372ADA6}.Debug|Any CPU.ActiveCfg = Debug|Any CPU
		{112CDF2C-B7FB-4413-B7E2-40152372ADA6}.Debug|Any CPU.Build.0 = Debug|Any CPU
		{112CDF2C-B7FB-4413-B7E2-40152372ADA6}.Release|Any CPU.ActiveCfg = Release|Any CPU
		{112CDF2C-B7FB-4413-B7E2-40152372ADA6}.Release|Any CPU.Build.0 = Release|Any CPU
	EndGlobalSection
	GlobalSection(SolutionProperties) = preSolution
		HideSolutionNode = FALSE
	EndGlobalSection
EndGlobal
